// !$*UTF8*$!
{
	archiveVersion = 1;
	classes = {
	};
	objectVersion = 52;
	objects = {

/* Begin PBXBuildFile section */
		E425D753264AD0B5005DE6B5 /* AppDelegate.swift in Sources */ = {isa = PBXBuildFile; fileRef = E425D752264AD0B5005DE6B5 /* AppDelegate.swift */; };
		E425D755264AD0B5005DE6B5 /* SceneDelegate.swift in Sources */ = {isa = PBXBuildFile; fileRef = E425D754264AD0B5005DE6B5 /* SceneDelegate.swift */; };
		E425D757264AD0B5005DE6B5 /* RepositoriesListViewController.swift in Sources */ = {isa = PBXBuildFile; fileRef = E425D756264AD0B5005DE6B5 /* RepositoriesListViewController.swift */; };
		E425D75C264AD0B5005DE6B5 /* Assets.xcassets in Resources */ = {isa = PBXBuildFile; fileRef = E425D75B264AD0B5005DE6B5 /* Assets.xcassets */; };
		E425D75F264AD0B5005DE6B5 /* LaunchScreen.storyboard in Resources */ = {isa = PBXBuildFile; fileRef = E425D75D264AD0B5005DE6B5 /* LaunchScreen.storyboard */; };
		E425D767264AD24A005DE6B5 /* RepositoryDetailsViewController.swift in Sources */ = {isa = PBXBuildFile; fileRef = E425D766264AD24A005DE6B5 /* RepositoryDetailsViewController.swift */; };
		E425D76A264AD31E005DE6B5 /* RxCocoa in Frameworks */ = {isa = PBXBuildFile; productRef = E425D769264AD31E005DE6B5 /* RxCocoa */; };
		E425D76C264AD31E005DE6B5 /* RxSwift in Frameworks */ = {isa = PBXBuildFile; productRef = E425D76B264AD31E005DE6B5 /* RxSwift */; };
		E425D778264AD4A6005DE6B5 /* SystemIcon.swift in Sources */ = {isa = PBXBuildFile; fileRef = E425D777264AD4A6005DE6B5 /* SystemIcon.swift */; };
		E425D77A264AD5F0005DE6B5 /* NetworkManager.swift in Sources */ = {isa = PBXBuildFile; fileRef = E425D779264AD5F0005DE6B5 /* NetworkManager.swift */; };
		E425D77D264AD6BA005DE6B5 /* Alamofire in Frameworks */ = {isa = PBXBuildFile; productRef = E425D77C264AD6BA005DE6B5 /* Alamofire */; };
		E425D77F264AD6F9005DE6B5 /* Ext+os_log.swift in Sources */ = {isa = PBXBuildFile; fileRef = E425D77E264AD6F9005DE6B5 /* Ext+os_log.swift */; };
		E425D781264AD847005DE6B5 /* API.swift in Sources */ = {isa = PBXBuildFile; fileRef = E425D780264AD847005DE6B5 /* API.swift */; };
		E425D783264AD880005DE6B5 /* RepositoriesListViewModel.swift in Sources */ = {isa = PBXBuildFile; fileRef = E425D782264AD880005DE6B5 /* RepositoriesListViewModel.swift */; };
		E425D785264AD96C005DE6B5 /* BitBucketRepositories.swift in Sources */ = {isa = PBXBuildFile; fileRef = E425D784264AD96C005DE6B5 /* BitBucketRepositories.swift */; };
		E425D787264AD9B7005DE6B5 /* RepositoryModel.swift in Sources */ = {isa = PBXBuildFile; fileRef = E425D786264AD9B7005DE6B5 /* RepositoryModel.swift */; };
		E425D78A264ADADA005DE6B5 /* GithubRepository.swift in Sources */ = {isa = PBXBuildFile; fileRef = E425D789264ADADA005DE6B5 /* GithubRepository.swift */; };
		E425D78F264AEA54005DE6B5 /* RepositoriesListView.swift in Sources */ = {isa = PBXBuildFile; fileRef = E425D78E264AEA54005DE6B5 /* RepositoriesListView.swift */; };
		E425D791264AF0D0005DE6B5 /* RepositoryListTableViewCell.swift in Sources */ = {isa = PBXBuildFile; fileRef = E425D790264AF0D0005DE6B5 /* RepositoryListTableViewCell.swift */; };
		E425D793264AF329005DE6B5 /* Ext+UIView.swift in Sources */ = {isa = PBXBuildFile; fileRef = E425D792264AF329005DE6B5 /* Ext+UIView.swift */; };
		E425D795264AF344005DE6B5 /* Ext+UIStackView.swift in Sources */ = {isa = PBXBuildFile; fileRef = E425D794264AF344005DE6B5 /* Ext+UIStackView.swift */; };
		E425D79A264AFD00005DE6B5 /* Icons.xcassets in Resources */ = {isa = PBXBuildFile; fileRef = E425D799264AFD00005DE6B5 /* Icons.xcassets */; };
		E425D79D264B00E8005DE6B5 /* SDWebImage in Frameworks */ = {isa = PBXBuildFile; productRef = E425D79C264B00E8005DE6B5 /* SDWebImage */; };
		E425D79F264B0E06005DE6B5 /* CustomImage.swift in Sources */ = {isa = PBXBuildFile; fileRef = E425D79E264B0E06005DE6B5 /* CustomImage.swift */; };
		E425D7A1264B0E69005DE6B5 /* Ext+UIImage.swift in Sources */ = {isa = PBXBuildFile; fileRef = E425D7A0264B0E69005DE6B5 /* Ext+UIImage.swift */; };
		E425D7A5264B2DE3005DE6B5 /* RepositoryDetailsViewModel.swift in Sources */ = {isa = PBXBuildFile; fileRef = E425D7A4264B2DE3005DE6B5 /* RepositoryDetailsViewModel.swift */; };
		E425D7A7264B2E29005DE6B5 /* RepositoryDetailsView.swift in Sources */ = {isa = PBXBuildFile; fileRef = E425D7A6264B2E29005DE6B5 /* RepositoryDetailsView.swift */; };
		E425D7AA264C58B7005DE6B5 /* RepositoriesLoadIndicatorView.swift in Sources */ = {isa = PBXBuildFile; fileRef = E425D7A9264C58B7005DE6B5 /* RepositoriesLoadIndicatorView.swift */; };
		E425D7B1264DDB21005DE6B5 /* NetworkMonitor.swift in Sources */ = {isa = PBXBuildFile; fileRef = E425D7B0264DDB21005DE6B5 /* NetworkMonitor.swift */; };
/* End PBXBuildFile section */

/* Begin PBXFileReference section */
		E425D74F264AD0B5005DE6B5 /* FetchReposDemo.app */ = {isa = PBXFileReference; explicitFileType = wrapper.application; includeInIndex = 0; path = FetchReposDemo.app; sourceTree = BUILT_PRODUCTS_DIR; };
		E425D752264AD0B5005DE6B5 /* AppDelegate.swift */ = {isa = PBXFileReference; lastKnownFileType = sourcecode.swift; path = AppDelegate.swift; sourceTree = "<group>"; };
		E425D754264AD0B5005DE6B5 /* SceneDelegate.swift */ = {isa = PBXFileReference; lastKnownFileType = sourcecode.swift; path = SceneDelegate.swift; sourceTree = "<group>"; };
		E425D756264AD0B5005DE6B5 /* RepositoriesListViewController.swift */ = {isa = PBXFileReference; lastKnownFileType = sourcecode.swift; path = RepositoriesListViewController.swift; sourceTree = "<group>"; };
		E425D75B264AD0B5005DE6B5 /* Assets.xcassets */ = {isa = PBXFileReference; lastKnownFileType = folder.assetcatalog; path = Assets.xcassets; sourceTree = "<group>"; };
		E425D75E264AD0B5005DE6B5 /* Base */ = {isa = PBXFileReference; lastKnownFileType = file.storyboard; name = Base; path = Base.lproj/LaunchScreen.storyboard; sourceTree = "<group>"; };
		E425D760264AD0B5005DE6B5 /* Info.plist */ = {isa = PBXFileReference; lastKnownFileType = text.plist.xml; path = Info.plist; sourceTree = "<group>"; };
		E425D766264AD24A005DE6B5 /* RepositoryDetailsViewController.swift */ = {isa = PBXFileReference; lastKnownFileType = sourcecode.swift; path = RepositoryDetailsViewController.swift; sourceTree = "<group>"; };
		E425D777264AD4A6005DE6B5 /* SystemIcon.swift */ = {isa = PBXFileReference; lastKnownFileType = sourcecode.swift; path = SystemIcon.swift; sourceTree = "<group>"; };
		E425D779264AD5F0005DE6B5 /* NetworkManager.swift */ = {isa = PBXFileReference; lastKnownFileType = sourcecode.swift; path = NetworkManager.swift; sourceTree = "<group>"; };
		E425D77E264AD6F9005DE6B5 /* Ext+os_log.swift */ = {isa = PBXFileReference; lastKnownFileType = sourcecode.swift; path = "Ext+os_log.swift"; sourceTree = "<group>"; };
		E425D780264AD847005DE6B5 /* API.swift */ = {isa = PBXFileReference; lastKnownFileType = sourcecode.swift; path = API.swift; sourceTree = "<group>"; };
		E425D782264AD880005DE6B5 /* RepositoriesListViewModel.swift */ = {isa = PBXFileReference; lastKnownFileType = sourcecode.swift; path = RepositoriesListViewModel.swift; sourceTree = "<group>"; };
		E425D784264AD96C005DE6B5 /* BitBucketRepositories.swift */ = {isa = PBXFileReference; lastKnownFileType = sourcecode.swift; path = BitBucketRepositories.swift; sourceTree = "<group>"; };
		E425D786264AD9B7005DE6B5 /* RepositoryModel.swift */ = {isa = PBXFileReference; lastKnownFileType = sourcecode.swift; path = RepositoryModel.swift; sourceTree = "<group>"; };
		E425D789264ADADA005DE6B5 /* GithubRepository.swift */ = {isa = PBXFileReference; lastKnownFileType = sourcecode.swift; path = GithubRepository.swift; sourceTree = "<group>"; };
		E425D78E264AEA54005DE6B5 /* RepositoriesListView.swift */ = {isa = PBXFileReference; lastKnownFileType = sourcecode.swift; path = RepositoriesListView.swift; sourceTree = "<group>"; };
		E425D790264AF0D0005DE6B5 /* RepositoryListTableViewCell.swift */ = {isa = PBXFileReference; lastKnownFileType = sourcecode.swift; path = RepositoryListTableViewCell.swift; sourceTree = "<group>"; };
		E425D792264AF329005DE6B5 /* Ext+UIView.swift */ = {isa = PBXFileReference; lastKnownFileType = sourcecode.swift; path = "Ext+UIView.swift"; sourceTree = "<group>"; };
		E425D794264AF344005DE6B5 /* Ext+UIStackView.swift */ = {isa = PBXFileReference; lastKnownFileType = sourcecode.swift; path = "Ext+UIStackView.swift"; sourceTree = "<group>"; };
		E425D799264AFD00005DE6B5 /* Icons.xcassets */ = {isa = PBXFileReference; lastKnownFileType = folder.assetcatalog; path = Icons.xcassets; sourceTree = "<group>"; };
		E425D79E264B0E06005DE6B5 /* CustomImage.swift */ = {isa = PBXFileReference; lastKnownFileType = sourcecode.swift; path = CustomImage.swift; sourceTree = "<group>"; };
		E425D7A0264B0E69005DE6B5 /* Ext+UIImage.swift */ = {isa = PBXFileReference; lastKnownFileType = sourcecode.swift; path = "Ext+UIImage.swift"; sourceTree = "<group>"; };
		E425D7A4264B2DE3005DE6B5 /* RepositoryDetailsViewModel.swift */ = {isa = PBXFileReference; lastKnownFileType = sourcecode.swift; path = RepositoryDetailsViewModel.swift; sourceTree = "<group>"; };
		E425D7A6264B2E29005DE6B5 /* RepositoryDetailsView.swift */ = {isa = PBXFileReference; lastKnownFileType = sourcecode.swift; path = RepositoryDetailsView.swift; sourceTree = "<group>"; };
		E425D7A9264C58B7005DE6B5 /* RepositoriesLoadIndicatorView.swift */ = {isa = PBXFileReference; lastKnownFileType = sourcecode.swift; path = RepositoriesLoadIndicatorView.swift; sourceTree = "<group>"; };
		E425D7B0264DDB21005DE6B5 /* NetworkMonitor.swift */ = {isa = PBXFileReference; lastKnownFileType = sourcecode.swift; path = NetworkMonitor.swift; sourceTree = "<group>"; };
/* End PBXFileReference section */

/* Begin PBXFrameworksBuildPhase section */
		E425D74C264AD0B5005DE6B5 /* Frameworks */ = {
			isa = PBXFrameworksBuildPhase;
			buildActionMask = 2147483647;
			files = (
				E425D76C264AD31E005DE6B5 /* RxSwift in Frameworks */,
				E425D77D264AD6BA005DE6B5 /* Alamofire in Frameworks */,
				E425D76A264AD31E005DE6B5 /* RxCocoa in Frameworks */,
				E425D79D264B00E8005DE6B5 /* SDWebImage in Frameworks */,
			);
			runOnlyForDeploymentPostprocessing = 0;
		};
/* End PBXFrameworksBuildPhase section */

/* Begin PBXGroup section */
		E425D746264AD0B5005DE6B5 = {
			isa = PBXGroup;
			children = (
				E425D751264AD0B5005DE6B5 /* FetchReposDemo */,
				E425D750264AD0B5005DE6B5 /* Products */,
			);
			sourceTree = "<group>";
		};
		E425D750264AD0B5005DE6B5 /* Products */ = {
			isa = PBXGroup;
			children = (
				E425D74F264AD0B5005DE6B5 /* FetchReposDemo.app */,
			);
			name = Products;
			sourceTree = "<group>";
		};
		E425D751264AD0B5005DE6B5 /* FetchReposDemo */ = {
			isa = PBXGroup;
			children = (
				E425D776264AD441005DE6B5 /* App */,
				E425D773264AD426005DE6B5 /* Networking */,
				E425D796264AF88E005DE6B5 /* Screens */,
				E425D774264AD434005DE6B5 /* Helpers */,
				E425D775264AD439005DE6B5 /* Extensions */,
				E425D760264AD0B5005DE6B5 /* Info.plist */,
			);
			path = FetchReposDemo;
			sourceTree = "<group>";
		};
		E425D772264AD41F005DE6B5 /* Models */ = {
			isa = PBXGroup;
			children = (
				E425D786264AD9B7005DE6B5 /* RepositoryModel.swift */,
			);
			path = Models;
			sourceTree = "<group>";
		};
		E425D773264AD426005DE6B5 /* Networking */ = {
			isa = PBXGroup;
			children = (
				E425D779264AD5F0005DE6B5 /* NetworkManager.swift */,
				E425D7B0264DDB21005DE6B5 /* NetworkMonitor.swift */,
				E425D780264AD847005DE6B5 /* API.swift */,
				E425D788264ADA2E005DE6B5 /* Models */,
			);
			path = Networking;
			sourceTree = "<group>";
		};
		E425D774264AD434005DE6B5 /* Helpers */ = {
			isa = PBXGroup;
			children = (
				E425D777264AD4A6005DE6B5 /* SystemIcon.swift */,
				E425D79E264B0E06005DE6B5 /* CustomImage.swift */,
			);
			path = Helpers;
			sourceTree = "<group>";
		};
		E425D775264AD439005DE6B5 /* Extensions */ = {
			isa = PBXGroup;
			children = (
				E425D77E264AD6F9005DE6B5 /* Ext+os_log.swift */,
				E425D792264AF329005DE6B5 /* Ext+UIView.swift */,
				E425D794264AF344005DE6B5 /* Ext+UIStackView.swift */,
				E425D7A0264B0E69005DE6B5 /* Ext+UIImage.swift */,
			);
			path = Extensions;
			sourceTree = "<group>";
		};
		E425D776264AD441005DE6B5 /* App */ = {
			isa = PBXGroup;
			children = (
				E425D752264AD0B5005DE6B5 /* AppDelegate.swift */,
				E425D754264AD0B5005DE6B5 /* SceneDelegate.swift */,
				E425D75D264AD0B5005DE6B5 /* LaunchScreen.storyboard */,
				E425D75B264AD0B5005DE6B5 /* Assets.xcassets */,
				E425D799264AFD00005DE6B5 /* Icons.xcassets */,
			);
			path = App;
			sourceTree = "<group>";
		};
		E425D788264ADA2E005DE6B5 /* Models */ = {
			isa = PBXGroup;
			children = (
				E425D784264AD96C005DE6B5 /* BitBucketRepositories.swift */,
				E425D789264ADADA005DE6B5 /* GithubRepository.swift */,
			);
			path = Models;
			sourceTree = "<group>";
		};
		E425D796264AF88E005DE6B5 /* Screens */ = {
			isa = PBXGroup;
			children = (
				E425D797264AF8BE005DE6B5 /* RepositoriesListViewController */,
				E425D798264AF8DB005DE6B5 /* RepositoryDetailsViewController */,
				E425D772264AD41F005DE6B5 /* Models */,
			);
			path = Screens;
			sourceTree = "<group>";
		};
		E425D797264AF8BE005DE6B5 /* RepositoriesListViewController */ = {
			isa = PBXGroup;
			children = (
				E425D756264AD0B5005DE6B5 /* RepositoriesListViewController.swift */,
				E425D782264AD880005DE6B5 /* RepositoriesListViewModel.swift */,
				E425D7A8264C588F005DE6B5 /* Views */,
			);
			path = RepositoriesListViewController;
			sourceTree = "<group>";
		};
		E425D798264AF8DB005DE6B5 /* RepositoryDetailsViewController */ = {
			isa = PBXGroup;
			children = (
				E425D766264AD24A005DE6B5 /* RepositoryDetailsViewController.swift */,
				E425D7A4264B2DE3005DE6B5 /* RepositoryDetailsViewModel.swift */,
				E425D7A6264B2E29005DE6B5 /* RepositoryDetailsView.swift */,
			);
			path = RepositoryDetailsViewController;
			sourceTree = "<group>";
		};
		E425D7A8264C588F005DE6B5 /* Views */ = {
			isa = PBXGroup;
			children = (
				E425D78E264AEA54005DE6B5 /* RepositoriesListView.swift */,
				E425D790264AF0D0005DE6B5 /* RepositoryListTableViewCell.swift */,
				E425D7A9264C58B7005DE6B5 /* RepositoriesLoadIndicatorView.swift */,
			);
			path = Views;
			sourceTree = "<group>";
		};
/* End PBXGroup section */

/* Begin PBXNativeTarget section */
		E425D74E264AD0B5005DE6B5 /* FetchReposDemo */ = {
			isa = PBXNativeTarget;
			buildConfigurationList = E425D763264AD0B5005DE6B5 /* Build configuration list for PBXNativeTarget "FetchReposDemo" */;
			buildPhases = (
				E425D74B264AD0B5005DE6B5 /* Sources */,
				E425D74C264AD0B5005DE6B5 /* Frameworks */,
				E425D74D264AD0B5005DE6B5 /* Resources */,
			);
			buildRules = (
			);
			dependencies = (
			);
			name = FetchReposDemo;
			packageProductDependencies = (
				E425D769264AD31E005DE6B5 /* RxCocoa */,
				E425D76B264AD31E005DE6B5 /* RxSwift */,
				E425D77C264AD6BA005DE6B5 /* Alamofire */,
				E425D79C264B00E8005DE6B5 /* SDWebImage */,
			);
			productName = FetchReposDemo;
			productReference = E425D74F264AD0B5005DE6B5 /* FetchReposDemo.app */;
			productType = "com.apple.product-type.application";
		};
/* End PBXNativeTarget section */

/* Begin PBXProject section */
		E425D747264AD0B5005DE6B5 /* Project object */ = {
			isa = PBXProject;
			attributes = {
				LastSwiftUpdateCheck = 1250;
				LastUpgradeCheck = 1250;
				TargetAttributes = {
					E425D74E264AD0B5005DE6B5 = {
						CreatedOnToolsVersion = 12.5;
					};
				};
			};
			buildConfigurationList = E425D74A264AD0B5005DE6B5 /* Build configuration list for PBXProject "FetchReposDemo" */;
			compatibilityVersion = "Xcode 9.3";
			developmentRegion = en;
			hasScannedForEncodings = 0;
			knownRegions = (
				en,
				Base,
			);
			mainGroup = E425D746264AD0B5005DE6B5;
			packageReferences = (
				E425D768264AD31E005DE6B5 /* XCRemoteSwiftPackageReference "RxSwift" */,
				E425D77B264AD6BA005DE6B5 /* XCRemoteSwiftPackageReference "Alamofire" */,
				E425D79B264B00E8005DE6B5 /* XCRemoteSwiftPackageReference "SDWebImage" */,
			);
			productRefGroup = E425D750264AD0B5005DE6B5 /* Products */;
			projectDirPath = "";
			projectRoot = "";
			targets = (
				E425D74E264AD0B5005DE6B5 /* FetchReposDemo */,
			);
		};
/* End PBXProject section */

/* Begin PBXResourcesBuildPhase section */
		E425D74D264AD0B5005DE6B5 /* Resources */ = {
			isa = PBXResourcesBuildPhase;
			buildActionMask = 2147483647;
			files = (
				E425D75F264AD0B5005DE6B5 /* LaunchScreen.storyboard in Resources */,
				E425D79A264AFD00005DE6B5 /* Icons.xcassets in Resources */,
				E425D75C264AD0B5005DE6B5 /* Assets.xcassets in Resources */,
			);
			runOnlyForDeploymentPostprocessing = 0;
		};
/* End PBXResourcesBuildPhase section */

/* Begin PBXSourcesBuildPhase section */
		E425D74B264AD0B5005DE6B5 /* Sources */ = {
			isa = PBXSourcesBuildPhase;
			buildActionMask = 2147483647;
			files = (
				E425D793264AF329005DE6B5 /* Ext+UIView.swift in Sources */,
				E425D78A264ADADA005DE6B5 /* GithubRepository.swift in Sources */,
				E425D77A264AD5F0005DE6B5 /* NetworkManager.swift in Sources */,
				E425D7A7264B2E29005DE6B5 /* RepositoryDetailsView.swift in Sources */,
				E425D757264AD0B5005DE6B5 /* RepositoriesListViewController.swift in Sources */,
				E425D7A5264B2DE3005DE6B5 /* RepositoryDetailsViewModel.swift in Sources */,
				E425D753264AD0B5005DE6B5 /* AppDelegate.swift in Sources */,
				E425D77F264AD6F9005DE6B5 /* Ext+os_log.swift in Sources */,
				E425D787264AD9B7005DE6B5 /* RepositoryModel.swift in Sources */,
				E425D791264AF0D0005DE6B5 /* RepositoryListTableViewCell.swift in Sources */,
				E425D7AA264C58B7005DE6B5 /* RepositoriesLoadIndicatorView.swift in Sources */,
				E425D7B1264DDB21005DE6B5 /* NetworkMonitor.swift in Sources */,
				E425D755264AD0B5005DE6B5 /* SceneDelegate.swift in Sources */,
				E425D783264AD880005DE6B5 /* RepositoriesListViewModel.swift in Sources */,
				E425D778264AD4A6005DE6B5 /* SystemIcon.swift in Sources */,
				E425D7A1264B0E69005DE6B5 /* Ext+UIImage.swift in Sources */,
				E425D795264AF344005DE6B5 /* Ext+UIStackView.swift in Sources */,
				E425D781264AD847005DE6B5 /* API.swift in Sources */,
				E425D79F264B0E06005DE6B5 /* CustomImage.swift in Sources */,
				E425D767264AD24A005DE6B5 /* RepositoryDetailsViewController.swift in Sources */,
				E425D785264AD96C005DE6B5 /* BitBucketRepositories.swift in Sources */,
				E425D78F264AEA54005DE6B5 /* RepositoriesListView.swift in Sources */,
			);
			runOnlyForDeploymentPostprocessing = 0;
		};
/* End PBXSourcesBuildPhase section */

/* Begin PBXVariantGroup section */
		E425D75D264AD0B5005DE6B5 /* LaunchScreen.storyboard */ = {
			isa = PBXVariantGroup;
			children = (
				E425D75E264AD0B5005DE6B5 /* Base */,
			);
			name = LaunchScreen.storyboard;
			sourceTree = "<group>";
		};
/* End PBXVariantGroup section */

/* Begin XCBuildConfiguration section */
		E425D761264AD0B5005DE6B5 /* Debug */ = {
			isa = XCBuildConfiguration;
			buildSettings = {
				ALWAYS_SEARCH_USER_PATHS = NO;
				CLANG_ANALYZER_NONNULL = YES;
				CLANG_ANALYZER_NUMBER_OBJECT_CONVERSION = YES_AGGRESSIVE;
				CLANG_CXX_LANGUAGE_STANDARD = "gnu++14";
				CLANG_CXX_LIBRARY = "libc++";
				CLANG_ENABLE_MODULES = YES;
				CLANG_ENABLE_OBJC_ARC = YES;
				CLANG_ENABLE_OBJC_WEAK = YES;
				CLANG_WARN_BLOCK_CAPTURE_AUTORELEASING = YES;
				CLANG_WARN_BOOL_CONVERSION = YES;
				CLANG_WARN_COMMA = YES;
				CLANG_WARN_CONSTANT_CONVERSION = YES;
				CLANG_WARN_DEPRECATED_OBJC_IMPLEMENTATIONS = YES;
				CLANG_WARN_DIRECT_OBJC_ISA_USAGE = YES_ERROR;
				CLANG_WARN_DOCUMENTATION_COMMENTS = YES;
				CLANG_WARN_EMPTY_BODY = YES;
				CLANG_WARN_ENUM_CONVERSION = YES;
				CLANG_WARN_INFINITE_RECURSION = YES;
				CLANG_WARN_INT_CONVERSION = YES;
				CLANG_WARN_NON_LITERAL_NULL_CONVERSION = YES;
				CLANG_WARN_OBJC_IMPLICIT_RETAIN_SELF = YES;
				CLANG_WARN_OBJC_LITERAL_CONVERSION = YES;
				CLANG_WARN_OBJC_ROOT_CLASS = YES_ERROR;
				CLANG_WARN_QUOTED_INCLUDE_IN_FRAMEWORK_HEADER = YES;
				CLANG_WARN_RANGE_LOOP_ANALYSIS = YES;
				CLANG_WARN_STRICT_PROTOTYPES = YES;
				CLANG_WARN_SUSPICIOUS_MOVE = YES;
				CLANG_WARN_UNGUARDED_AVAILABILITY = YES_AGGRESSIVE;
				CLANG_WARN_UNREACHABLE_CODE = YES;
				CLANG_WARN__DUPLICATE_METHOD_MATCH = YES;
				COPY_PHASE_STRIP = NO;
				DEBUG_INFORMATION_FORMAT = dwarf;
				ENABLE_STRICT_OBJC_MSGSEND = YES;
				ENABLE_TESTABILITY = YES;
				GCC_C_LANGUAGE_STANDARD = gnu11;
				GCC_DYNAMIC_NO_PIC = NO;
				GCC_NO_COMMON_BLOCKS = YES;
				GCC_OPTIMIZATION_LEVEL = 0;
				GCC_PREPROCESSOR_DEFINITIONS = (
					"DEBUG=1",
					"$(inherited)",
				);
				GCC_WARN_64_TO_32_BIT_CONVERSION = YES;
				GCC_WARN_ABOUT_RETURN_TYPE = YES_ERROR;
				GCC_WARN_UNDECLARED_SELECTOR = YES;
				GCC_WARN_UNINITIALIZED_AUTOS = YES_AGGRESSIVE;
				GCC_WARN_UNUSED_FUNCTION = YES;
				GCC_WARN_UNUSED_VARIABLE = YES;
				IPHONEOS_DEPLOYMENT_TARGET = 14.3;
				MTL_ENABLE_DEBUG_INFO = INCLUDE_SOURCE;
				MTL_FAST_MATH = YES;
				ONLY_ACTIVE_ARCH = YES;
				SDKROOT = iphoneos;
				SWIFT_ACTIVE_COMPILATION_CONDITIONS = DEBUG;
				SWIFT_OPTIMIZATION_LEVEL = "-Onone";
			};
			name = Debug;
		};
		E425D762264AD0B5005DE6B5 /* Release */ = {
			isa = XCBuildConfiguration;
			buildSettings = {
				ALWAYS_SEARCH_USER_PATHS = NO;
				CLANG_ANALYZER_NONNULL = YES;
				CLANG_ANALYZER_NUMBER_OBJECT_CONVERSION = YES_AGGRESSIVE;
				CLANG_CXX_LANGUAGE_STANDARD = "gnu++14";
				CLANG_CXX_LIBRARY = "libc++";
				CLANG_ENABLE_MODULES = YES;
				CLANG_ENABLE_OBJC_ARC = YES;
				CLANG_ENABLE_OBJC_WEAK = YES;
				CLANG_WARN_BLOCK_CAPTURE_AUTORELEASING = YES;
				CLANG_WARN_BOOL_CONVERSION = YES;
				CLANG_WARN_COMMA = YES;
				CLANG_WARN_CONSTANT_CONVERSION = YES;
				CLANG_WARN_DEPRECATED_OBJC_IMPLEMENTATIONS = YES;
				CLANG_WARN_DIRECT_OBJC_ISA_USAGE = YES_ERROR;
				CLANG_WARN_DOCUMENTATION_COMMENTS = YES;
				CLANG_WARN_EMPTY_BODY = YES;
				CLANG_WARN_ENUM_CONVERSION = YES;
				CLANG_WARN_INFINITE_RECURSION = YES;
				CLANG_WARN_INT_CONVERSION = YES;
				CLANG_WARN_NON_LITERAL_NULL_CONVERSION = YES;
				CLANG_WARN_OBJC_IMPLICIT_RETAIN_SELF = YES;
				CLANG_WARN_OBJC_LITERAL_CONVERSION = YES;
				CLANG_WARN_OBJC_ROOT_CLASS = YES_ERROR;
				CLANG_WARN_QUOTED_INCLUDE_IN_FRAMEWORK_HEADER = YES;
				CLANG_WARN_RANGE_LOOP_ANALYSIS = YES;
				CLANG_WARN_STRICT_PROTOTYPES = YES;
				CLANG_WARN_SUSPICIOUS_MOVE = YES;
				CLANG_WARN_UNGUARDED_AVAILABILITY = YES_AGGRESSIVE;
				CLANG_WARN_UNREACHABLE_CODE = YES;
				CLANG_WARN__DUPLICATE_METHOD_MATCH = YES;
				COPY_PHASE_STRIP = NO;
				DEBUG_INFORMATION_FORMAT = "dwarf-with-dsym";
				ENABLE_NS_ASSERTIONS = NO;
				ENABLE_STRICT_OBJC_MSGSEND = YES;
				GCC_C_LANGUAGE_STANDARD = gnu11;
				GCC_NO_COMMON_BLOCKS = YES;
				GCC_WARN_64_TO_32_BIT_CONVERSION = YES;
				GCC_WARN_ABOUT_RETURN_TYPE = YES_ERROR;
				GCC_WARN_UNDECLARED_SELECTOR = YES;
				GCC_WARN_UNINITIALIZED_AUTOS = YES_AGGRESSIVE;
				GCC_WARN_UNUSED_FUNCTION = YES;
				GCC_WARN_UNUSED_VARIABLE = YES;
				IPHONEOS_DEPLOYMENT_TARGET = 14.3;
				MTL_ENABLE_DEBUG_INFO = NO;
				MTL_FAST_MATH = YES;
				SDKROOT = iphoneos;
				SWIFT_COMPILATION_MODE = wholemodule;
				SWIFT_OPTIMIZATION_LEVEL = "-O";
				VALIDATE_PRODUCT = YES;
			};
			name = Release;
		};
		E425D764264AD0B5005DE6B5 /* Debug */ = {
			isa = XCBuildConfiguration;
			buildSettings = {
				ASSETCATALOG_COMPILER_APPICON_NAME = AppIcon;
				ASSETCATALOG_COMPILER_GLOBAL_ACCENT_COLOR_NAME = AccentColor;
				CODE_SIGN_STYLE = Automatic;
				DEVELOPMENT_TEAM = KM42VYU5F9;
				INFOPLIST_FILE = FetchReposDemo/Info.plist;
				LD_RUNPATH_SEARCH_PATHS = (
					"$(inherited)",
					"@executable_path/Frameworks",
				);
				PRODUCT_BUNDLE_IDENTIFIER = com.timothystokarski.FetchReposDemo;
				PRODUCT_NAME = "$(TARGET_NAME)";
				SWIFT_VERSION = 5.0;
				TARGETED_DEVICE_FAMILY = "1,2";
			};
			name = Debug;
		};
		E425D765264AD0B5005DE6B5 /* Release */ = {
			isa = XCBuildConfiguration;
			buildSettings = {
				ASSETCATALOG_COMPILER_APPICON_NAME = AppIcon;
				ASSETCATALOG_COMPILER_GLOBAL_ACCENT_COLOR_NAME = AccentColor;
				CODE_SIGN_STYLE = Automatic;
				DEVELOPMENT_TEAM = KM42VYU5F9;
				INFOPLIST_FILE = FetchReposDemo/Info.plist;
				LD_RUNPATH_SEARCH_PATHS = (
					"$(inherited)",
					"@executable_path/Frameworks",
				);
				PRODUCT_BUNDLE_IDENTIFIER = com.timothystokarski.FetchReposDemo;
				PRODUCT_NAME = "$(TARGET_NAME)";
				SWIFT_VERSION = 5.0;
				TARGETED_DEVICE_FAMILY = "1,2";
			};
			name = Release;
		};
/* End XCBuildConfiguration section */

/* Begin XCConfigurationList section */
		E425D74A264AD0B5005DE6B5 /* Build configuration list for PBXProject "FetchReposDemo" */ = {
			isa = XCConfigurationList;
			buildConfigurations = (
				E425D761264AD0B5005DE6B5 /* Debug */,
				E425D762264AD0B5005DE6B5 /* Release */,
			);
			defaultConfigurationIsVisible = 0;
			defaultConfigurationName = Release;
		};
		E425D763264AD0B5005DE6B5 /* Build configuration list for PBXNativeTarget "FetchReposDemo" */ = {
			isa = XCConfigurationList;
			buildConfigurations = (
				E425D764264AD0B5005DE6B5 /* Debug */,
				E425D765264AD0B5005DE6B5 /* Release */,
			);
			defaultConfigurationIsVisible = 0;
			defaultConfigurationName = Release;
		};
/* End XCConfigurationList section */

/* Begin XCRemoteSwiftPackageReference section */
		E425D768264AD31E005DE6B5 /* XCRemoteSwiftPackageReference "RxSwift" */ = {
			isa = XCRemoteSwiftPackageReference;
			repositoryURL = "https://github.com/ReactiveX/RxSwift.git";
			requirement = {
				kind = upToNextMajorVersion;
				minimumVersion = 6.2.0;
			};
		};
		E425D77B264AD6BA005DE6B5 /* XCRemoteSwiftPackageReference "Alamofire" */ = {
			isa = XCRemoteSwiftPackageReference;
			repositoryURL = "https://github.com/Alamofire/Alamofire.git";
			requirement = {
				kind = upToNextMajorVersion;
				minimumVersion = 5.4.3;
			};
		};
		E425D79B264B00E8005DE6B5 /* XCRemoteSwiftPackageReference "SDWebImage" */ = {
			isa = XCRemoteSwiftPackageReference;
			repositoryURL = "https://github.com/SDWebImage/SDWebImage";
			requirement = {
				kind = upToNextMajorVersion;
				minimumVersion = 5.11.1;
			};
		};
/* End XCRemoteSwiftPackageReference section */

/* Begin XCSwiftPackageProductDependency section */
		E425D769264AD31E005DE6B5 /* RxCocoa */ = {
			isa = XCSwiftPackageProductDependency;
			package = E425D768264AD31E005DE6B5 /* XCRemoteSwiftPackageReference "RxSwift" */;
			productName = RxCocoa;
		};
		E425D76B264AD31E005DE6B5 /* RxSwift */ = {
			isa = XCSwiftPackageProductDependency;
			package = E425D768264AD31E005DE6B5 /* XCRemoteSwiftPackageReference "RxSwift" */;
			productName = RxSwift;
		};
		E425D77C264AD6BA005DE6B5 /* Alamofire */ = {
			isa = XCSwiftPackageProductDependency;
			package = E425D77B264AD6BA005DE6B5 /* XCRemoteSwiftPackageReference "Alamofire" */;
			productName = Alamofire;
		};
		E425D79C264B00E8005DE6B5 /* SDWebImage */ = {
			isa = XCSwiftPackageProductDependency;
			package = E425D79B264B00E8005DE6B5 /* XCRemoteSwiftPackageReference "SDWebImage" */;
			productName = SDWebImage;
		};
/* End XCSwiftPackageProductDependency section */
	};
	rootObject = E425D747264AD0B5005DE6B5 /* Project object */;
}
