// !$*UTF8*$!
{
	archiveVersion = 1;
	classes = {
	};
	objectVersion = 52;
	objects = {

/* Begin PBXBuildFile section */
		E425D753264AD0B5005DE6B5 /* AppDelegate.swift in Sources */ = {isa = PBXBuildFile; fileRef = E425D752264AD0B5005DE6B5 /* AppDelegate.swift */; };
		E425D755264AD0B5005DE6B5 /* SceneDelegate.swift in Sources */ = {isa = PBXBuildFile; fileRef = E425D754264AD0B5005DE6B5 /* SceneDelegate.swift */; };
		E425D757264AD0B5005DE6B5 /* MainViewController.swift in Sources */ = {isa = PBXBuildFile; fileRef = E425D756264AD0B5005DE6B5 /* MainViewController.swift */; };
		E425D75C264AD0B5005DE6B5 /* Assets.xcassets in Resources */ = {isa = PBXBuildFile; fileRef = E425D75B264AD0B5005DE6B5 /* Assets.xcassets */; };
		E425D75F264AD0B5005DE6B5 /* LaunchScreen.storyboard in Resources */ = {isa = PBXBuildFile; fileRef = E425D75D264AD0B5005DE6B5 /* LaunchScreen.storyboard */; };
		E425D767264AD24A005DE6B5 /* DetailsViewController.swift in Sources */ = {isa = PBXBuildFile; fileRef = E425D766264AD24A005DE6B5 /* DetailsViewController.swift */; };
		E425D76A264AD31E005DE6B5 /* RxCocoa in Frameworks */ = {isa = PBXBuildFile; productRef = E425D769264AD31E005DE6B5 /* RxCocoa */; };
		E425D76C264AD31E005DE6B5 /* RxSwift in Frameworks */ = {isa = PBXBuildFile; productRef = E425D76B264AD31E005DE6B5 /* RxSwift */; };
		E425D76F264AD350005DE6B5 /* Reachability in Frameworks */ = {isa = PBXBuildFile; productRef = E425D76E264AD350005DE6B5 /* Reachability */; };
/* End PBXBuildFile section */

/* Begin PBXFileReference section */
		E425D74F264AD0B5005DE6B5 /* FetchReposDemo.app */ = {isa = PBXFileReference; explicitFileType = wrapper.application; includeInIndex = 0; path = FetchReposDemo.app; sourceTree = BUILT_PRODUCTS_DIR; };
		E425D752264AD0B5005DE6B5 /* AppDelegate.swift */ = {isa = PBXFileReference; lastKnownFileType = sourcecode.swift; path = AppDelegate.swift; sourceTree = "<group>"; };
		E425D754264AD0B5005DE6B5 /* SceneDelegate.swift */ = {isa = PBXFileReference; lastKnownFileType = sourcecode.swift; path = SceneDelegate.swift; sourceTree = "<group>"; };
		E425D756264AD0B5005DE6B5 /* MainViewController.swift */ = {isa = PBXFileReference; lastKnownFileType = sourcecode.swift; path = MainViewController.swift; sourceTree = "<group>"; };
		E425D75B264AD0B5005DE6B5 /* Assets.xcassets */ = {isa = PBXFileReference; lastKnownFileType = folder.assetcatalog; path = Assets.xcassets; sourceTree = "<group>"; };
		E425D75E264AD0B5005DE6B5 /* Base */ = {isa = PBXFileReference; lastKnownFileType = file.storyboard; name = Base; path = Base.lproj/LaunchScreen.storyboard; sourceTree = "<group>"; };
		E425D760264AD0B5005DE6B5 /* Info.plist */ = {isa = PBXFileReference; lastKnownFileType = text.plist.xml; path = Info.plist; sourceTree = "<group>"; };
		E425D766264AD24A005DE6B5 /* DetailsViewController.swift */ = {isa = PBXFileReference; lastKnownFileType = sourcecode.swift; path = DetailsViewController.swift; sourceTree = "<group>"; };
/* End PBXFileReference section */

/* Begin PBXFrameworksBuildPhase section */
		E425D74C264AD0B5005DE6B5 /* Frameworks */ = {
			isa = PBXFrameworksBuildPhase;
			buildActionMask = 2147483647;
			files = (
				E425D76C264AD31E005DE6B5 /* RxSwift in Frameworks */,
				E425D76F264AD350005DE6B5 /* Reachability in Frameworks */,
				E425D76A264AD31E005DE6B5 /* RxCocoa in Frameworks */,
			);
			runOnlyForDeploymentPostprocessing = 0;
		};
/* End PBXFrameworksBuildPhase section */

/* Begin PBXGroup section */
		E425D746264AD0B5005DE6B5 = {
			isa = PBXGroup;
			children = (
				E425D751264AD0B5005DE6B5 /* FetchReposDemo */,
				E425D750264AD0B5005DE6B5 /* Products */,
			);
			sourceTree = "<group>";
		};
		E425D750264AD0B5005DE6B5 /* Products */ = {
			isa = PBXGroup;
			children = (
				E425D74F264AD0B5005DE6B5 /* FetchReposDemo.app */,
			);
			name = Products;
			sourceTree = "<group>";
		};
		E425D751264AD0B5005DE6B5 /* FetchReposDemo */ = {
			isa = PBXGroup;
			children = (
				E425D752264AD0B5005DE6B5 /* AppDelegate.swift */,
				E425D754264AD0B5005DE6B5 /* SceneDelegate.swift */,
				E425D756264AD0B5005DE6B5 /* MainViewController.swift */,
				E425D766264AD24A005DE6B5 /* DetailsViewController.swift */,
				E425D75B264AD0B5005DE6B5 /* Assets.xcassets */,
				E425D75D264AD0B5005DE6B5 /* LaunchScreen.storyboard */,
				E425D760264AD0B5005DE6B5 /* Info.plist */,
			);
			path = FetchReposDemo;
			sourceTree = "<group>";
		};
/* End PBXGroup section */

/* Begin PBXNativeTarget section */
		E425D74E264AD0B5005DE6B5 /* FetchReposDemo */ = {
			isa = PBXNativeTarget;
			buildConfigurationList = E425D763264AD0B5005DE6B5 /* Build configuration list for PBXNativeTarget "FetchReposDemo" */;
			buildPhases = (
				E425D74B264AD0B5005DE6B5 /* Sources */,
				E425D74C264AD0B5005DE6B5 /* Frameworks */,
				E425D74D264AD0B5005DE6B5 /* Resources */,
			);
			buildRules = (
			);
			dependencies = (
			);
			name = FetchReposDemo;
			packageProductDependencies = (
				E425D769264AD31E005DE6B5 /* RxCocoa */,
				E425D76B264AD31E005DE6B5 /* RxSwift */,
				E425D76E264AD350005DE6B5 /* Reachability */,
			);
			productName = FetchReposDemo;
			productReference = E425D74F264AD0B5005DE6B5 /* FetchReposDemo.app */;
			productType = "com.apple.product-type.application";
		};
/* End PBXNativeTarget section */

/* Begin PBXProject section */
		E425D747264AD0B5005DE6B5 /* Project object */ = {
			isa = PBXProject;
			attributes = {
				LastSwiftUpdateCheck = 1250;
				LastUpgradeCheck = 1250;
				TargetAttributes = {
					E425D74E264AD0B5005DE6B5 = {
						CreatedOnToolsVersion = 12.5;
					};
				};
			};
			buildConfigurationList = E425D74A264AD0B5005DE6B5 /* Build configuration list for PBXProject "FetchReposDemo" */;
			compatibilityVersion = "Xcode 9.3";
			developmentRegion = en;
			hasScannedForEncodings = 0;
			knownRegions = (
				en,
				Base,
			);
			mainGroup = E425D746264AD0B5005DE6B5;
			packageReferences = (
				E425D768264AD31E005DE6B5 /* XCRemoteSwiftPackageReference "RxSwift" */,
				E425D76D264AD350005DE6B5 /* XCRemoteSwiftPackageReference "Reachability" */,
			);
			productRefGroup = E425D750264AD0B5005DE6B5 /* Products */;
			projectDirPath = "";
			projectRoot = "";
			targets = (
				E425D74E264AD0B5005DE6B5 /* FetchReposDemo */,
			);
		};
/* End PBXProject section */

/* Begin PBXResourcesBuildPhase section */
		E425D74D264AD0B5005DE6B5 /* Resources */ = {
			isa = PBXResourcesBuildPhase;
			buildActionMask = 2147483647;
			files = (
				E425D75F264AD0B5005DE6B5 /* LaunchScreen.storyboard in Resources */,
				E425D75C264AD0B5005DE6B5 /* Assets.xcassets in Resources */,
			);
			runOnlyForDeploymentPostprocessing = 0;
		};
/* End PBXResourcesBuildPhase section */

/* Begin PBXSourcesBuildPhase section */
		E425D74B264AD0B5005DE6B5 /* Sources */ = {
			isa = PBXSourcesBuildPhase;
			buildActionMask = 2147483647;
			files = (
				E425D757264AD0B5005DE6B5 /* MainViewController.swift in Sources */,
				E425D753264AD0B5005DE6B5 /* AppDelegate.swift in Sources */,
				E425D755264AD0B5005DE6B5 /* SceneDelegate.swift in Sources */,
				E425D767264AD24A005DE6B5 /* DetailsViewController.swift in Sources */,
			);
			runOnlyForDeploymentPostprocessing = 0;
		};
/* End PBXSourcesBuildPhase section */

/* Begin PBXVariantGroup section */
		E425D75D264AD0B5005DE6B5 /* LaunchScreen.storyboard */ = {
			isa = PBXVariantGroup;
			children = (
				E425D75E264AD0B5005DE6B5 /* Base */,
			);
			name = LaunchScreen.storyboard;
			sourceTree = "<group>";
		};
/* End PBXVariantGroup section */

/* Begin XCBuildConfiguration section */
		E425D761264AD0B5005DE6B5 /* Debug */ = {
			isa = XCBuildConfiguration;
			buildSettings = {
				ALWAYS_SEARCH_USER_PATHS = NO;
				CLANG_ANALYZER_NONNULL = YES;
				CLANG_ANALYZER_NUMBER_OBJECT_CONVERSION = YES_AGGRESSIVE;
				CLANG_CXX_LANGUAGE_STANDARD = "gnu++14";
				CLANG_CXX_LIBRARY = "libc++";
				CLANG_ENABLE_MODULES = YES;
				CLANG_ENABLE_OBJC_ARC = YES;
				CLANG_ENABLE_OBJC_WEAK = YES;
				CLANG_WARN_BLOCK_CAPTURE_AUTORELEASING = YES;
				CLANG_WARN_BOOL_CONVERSION = YES;
				CLANG_WARN_COMMA = YES;
				CLANG_WARN_CONSTANT_CONVERSION = YES;
				CLANG_WARN_DEPRECATED_OBJC_IMPLEMENTATIONS = YES;
				CLANG_WARN_DIRECT_OBJC_ISA_USAGE = YES_ERROR;
				CLANG_WARN_DOCUMENTATION_COMMENTS = YES;
				CLANG_WARN_EMPTY_BODY = YES;
				CLANG_WARN_ENUM_CONVERSION = YES;
				CLANG_WARN_INFINITE_RECURSION = YES;
				CLANG_WARN_INT_CONVERSION = YES;
				CLANG_WARN_NON_LITERAL_NULL_CONVERSION = YES;
				CLANG_WARN_OBJC_IMPLICIT_RETAIN_SELF = YES;
				CLANG_WARN_OBJC_LITERAL_CONVERSION = YES;
				CLANG_WARN_OBJC_ROOT_CLASS = YES_ERROR;
				CLANG_WARN_QUOTED_INCLUDE_IN_FRAMEWORK_HEADER = YES;
				CLANG_WARN_RANGE_LOOP_ANALYSIS = YES;
				CLANG_WARN_STRICT_PROTOTYPES = YES;
				CLANG_WARN_SUSPICIOUS_MOVE = YES;
				CLANG_WARN_UNGUARDED_AVAILABILITY = YES_AGGRESSIVE;
				CLANG_WARN_UNREACHABLE_CODE = YES;
				CLANG_WARN__DUPLICATE_METHOD_MATCH = YES;
				COPY_PHASE_STRIP = NO;
				DEBUG_INFORMATION_FORMAT = dwarf;
				ENABLE_STRICT_OBJC_MSGSEND = YES;
				ENABLE_TESTABILITY = YES;
				GCC_C_LANGUAGE_STANDARD = gnu11;
				GCC_DYNAMIC_NO_PIC = NO;
				GCC_NO_COMMON_BLOCKS = YES;
				GCC_OPTIMIZATION_LEVEL = 0;
				GCC_PREPROCESSOR_DEFINITIONS = (
					"DEBUG=1",
					"$(inherited)",
				);
				GCC_WARN_64_TO_32_BIT_CONVERSION = YES;
				GCC_WARN_ABOUT_RETURN_TYPE = YES_ERROR;
				GCC_WARN_UNDECLARED_SELECTOR = YES;
				GCC_WARN_UNINITIALIZED_AUTOS = YES_AGGRESSIVE;
				GCC_WARN_UNUSED_FUNCTION = YES;
				GCC_WARN_UNUSED_VARIABLE = YES;
				IPHONEOS_DEPLOYMENT_TARGET = 14.5;
				MTL_ENABLE_DEBUG_INFO = INCLUDE_SOURCE;
				MTL_FAST_MATH = YES;
				ONLY_ACTIVE_ARCH = YES;
				SDKROOT = iphoneos;
				SWIFT_ACTIVE_COMPILATION_CONDITIONS = DEBUG;
				SWIFT_OPTIMIZATION_LEVEL = "-Onone";
			};
			name = Debug;
		};
		E425D762264AD0B5005DE6B5 /* Release */ = {
			isa = XCBuildConfiguration;
			buildSettings = {
				ALWAYS_SEARCH_USER_PATHS = NO;
				CLANG_ANALYZER_NONNULL = YES;
				CLANG_ANALYZER_NUMBER_OBJECT_CONVERSION = YES_AGGRESSIVE;
				CLANG_CXX_LANGUAGE_STANDARD = "gnu++14";
				CLANG_CXX_LIBRARY = "libc++";
				CLANG_ENABLE_MODULES = YES;
				CLANG_ENABLE_OBJC_ARC = YES;
				CLANG_ENABLE_OBJC_WEAK = YES;
				CLANG_WARN_BLOCK_CAPTURE_AUTORELEASING = YES;
				CLANG_WARN_BOOL_CONVERSION = YES;
				CLANG_WARN_COMMA = YES;
				CLANG_WARN_CONSTANT_CONVERSION = YES;
				CLANG_WARN_DEPRECATED_OBJC_IMPLEMENTATIONS = YES;
				CLANG_WARN_DIRECT_OBJC_ISA_USAGE = YES_ERROR;
				CLANG_WARN_DOCUMENTATION_COMMENTS = YES;
				CLANG_WARN_EMPTY_BODY = YES;
				CLANG_WARN_ENUM_CONVERSION = YES;
				CLANG_WARN_INFINITE_RECURSION = YES;
				CLANG_WARN_INT_CONVERSION = YES;
				CLANG_WARN_NON_LITERAL_NULL_CONVERSION = YES;
				CLANG_WARN_OBJC_IMPLICIT_RETAIN_SELF = YES;
				CLANG_WARN_OBJC_LITERAL_CONVERSION = YES;
				CLANG_WARN_OBJC_ROOT_CLASS = YES_ERROR;
				CLANG_WARN_QUOTED_INCLUDE_IN_FRAMEWORK_HEADER = YES;
				CLANG_WARN_RANGE_LOOP_ANALYSIS = YES;
				CLANG_WARN_STRICT_PROTOTYPES = YES;
				CLANG_WARN_SUSPICIOUS_MOVE = YES;
				CLANG_WARN_UNGUARDED_AVAILABILITY = YES_AGGRESSIVE;
				CLANG_WARN_UNREACHABLE_CODE = YES;
				CLANG_WARN__DUPLICATE_METHOD_MATCH = YES;
				COPY_PHASE_STRIP = NO;
				DEBUG_INFORMATION_FORMAT = "dwarf-with-dsym";
				ENABLE_NS_ASSERTIONS = NO;
				ENABLE_STRICT_OBJC_MSGSEND = YES;
				GCC_C_LANGUAGE_STANDARD = gnu11;
				GCC_NO_COMMON_BLOCKS = YES;
				GCC_WARN_64_TO_32_BIT_CONVERSION = YES;
				GCC_WARN_ABOUT_RETURN_TYPE = YES_ERROR;
				GCC_WARN_UNDECLARED_SELECTOR = YES;
				GCC_WARN_UNINITIALIZED_AUTOS = YES_AGGRESSIVE;
				GCC_WARN_UNUSED_FUNCTION = YES;
				GCC_WARN_UNUSED_VARIABLE = YES;
				IPHONEOS_DEPLOYMENT_TARGET = 14.5;
				MTL_ENABLE_DEBUG_INFO = NO;
				MTL_FAST_MATH = YES;
				SDKROOT = iphoneos;
				SWIFT_COMPILATION_MODE = wholemodule;
				SWIFT_OPTIMIZATION_LEVEL = "-O";
				VALIDATE_PRODUCT = YES;
			};
			name = Release;
		};
		E425D764264AD0B5005DE6B5 /* Debug */ = {
			isa = XCBuildConfiguration;
			buildSettings = {
				ASSETCATALOG_COMPILER_APPICON_NAME = AppIcon;
				ASSETCATALOG_COMPILER_GLOBAL_ACCENT_COLOR_NAME = AccentColor;
				CODE_SIGN_STYLE = Automatic;
				DEVELOPMENT_TEAM = KM42VYU5F9;
				INFOPLIST_FILE = FetchReposDemo/Info.plist;
				LD_RUNPATH_SEARCH_PATHS = (
					"$(inherited)",
					"@executable_path/Frameworks",
				);
				PRODUCT_BUNDLE_IDENTIFIER = com.timothystokarski.FetchReposDemo;
				PRODUCT_NAME = "$(TARGET_NAME)";
				SWIFT_VERSION = 5.0;
				TARGETED_DEVICE_FAMILY = "1,2";
			};
			name = Debug;
		};
		E425D765264AD0B5005DE6B5 /* Release */ = {
			isa = XCBuildConfiguration;
			buildSettings = {
				ASSETCATALOG_COMPILER_APPICON_NAME = AppIcon;
				ASSETCATALOG_COMPILER_GLOBAL_ACCENT_COLOR_NAME = AccentColor;
				CODE_SIGN_STYLE = Automatic;
				DEVELOPMENT_TEAM = KM42VYU5F9;
				INFOPLIST_FILE = FetchReposDemo/Info.plist;
				LD_RUNPATH_SEARCH_PATHS = (
					"$(inherited)",
					"@executable_path/Frameworks",
				);
				PRODUCT_BUNDLE_IDENTIFIER = com.timothystokarski.FetchReposDemo;
				PRODUCT_NAME = "$(TARGET_NAME)";
				SWIFT_VERSION = 5.0;
				TARGETED_DEVICE_FAMILY = "1,2";
			};
			name = Release;
		};
/* End XCBuildConfiguration section */

/* Begin XCConfigurationList section */
		E425D74A264AD0B5005DE6B5 /* Build configuration list for PBXProject "FetchReposDemo" */ = {
			isa = XCConfigurationList;
			buildConfigurations = (
				E425D761264AD0B5005DE6B5 /* Debug */,
				E425D762264AD0B5005DE6B5 /* Release */,
			);
			defaultConfigurationIsVisible = 0;
			defaultConfigurationName = Release;
		};
		E425D763264AD0B5005DE6B5 /* Build configuration list for PBXNativeTarget "FetchReposDemo" */ = {
			isa = XCConfigurationList;
			buildConfigurations = (
				E425D764264AD0B5005DE6B5 /* Debug */,
				E425D765264AD0B5005DE6B5 /* Release */,
			);
			defaultConfigurationIsVisible = 0;
			defaultConfigurationName = Release;
		};
/* End XCConfigurationList section */

/* Begin XCRemoteSwiftPackageReference section */
		E425D768264AD31E005DE6B5 /* XCRemoteSwiftPackageReference "RxSwift" */ = {
			isa = XCRemoteSwiftPackageReference;
			repositoryURL = "https://github.com/ReactiveX/RxSwift.git";
			requirement = {
				kind = upToNextMajorVersion;
				minimumVersion = 6.2.0;
			};
		};
		E425D76D264AD350005DE6B5 /* XCRemoteSwiftPackageReference "Reachability" */ = {
			isa = XCRemoteSwiftPackageReference;
			repositoryURL = "https://github.com/ashleymills/Reachability.swift";
			requirement = {
				kind = upToNextMajorVersion;
				minimumVersion = 5.1.0;
			};
		};
/* End XCRemoteSwiftPackageReference section */

/* Begin XCSwiftPackageProductDependency section */
		E425D769264AD31E005DE6B5 /* RxCocoa */ = {
			isa = XCSwiftPackageProductDependency;
			package = E425D768264AD31E005DE6B5 /* XCRemoteSwiftPackageReference "RxSwift" */;
			productName = RxCocoa;
		};
		E425D76B264AD31E005DE6B5 /* RxSwift */ = {
			isa = XCSwiftPackageProductDependency;
			package = E425D768264AD31E005DE6B5 /* XCRemoteSwiftPackageReference "RxSwift" */;
			productName = RxSwift;
		};
		E425D76E264AD350005DE6B5 /* Reachability */ = {
			isa = XCSwiftPackageProductDependency;
			package = E425D76D264AD350005DE6B5 /* XCRemoteSwiftPackageReference "Reachability" */;
			productName = Reachability;
		};
/* End XCSwiftPackageProductDependency section */
	};
	rootObject = E425D747264AD0B5005DE6B5 /* Project object */;
}
